
Microsoft Visual Studio Solution File, Format Version 12.00
# Visual Studio 15
VisualStudioVersion = 15.0.27428.2015
MinimumVisualStudioVersion = 10.0.40219.1
Project("{2150E333-8FDC-42A3-9474-1A3956D46DE8}") = "Delegates", "Delegates", "{ED5EA571-57D5-48BF-8CD8-80D87F8D0DFE}"
EndProject
Project("{FAE04EC0-301F-11D3-BF4B-00C04F79EFBC}") = "Delegates.UnitTests", "Delegates.UnitTests\Delegates.UnitTests.csproj", "{B58E4596-8507-4FD5-B616-E4F17BB91E17}"
EndProject
Project("{2150E333-8FDC-42A3-9474-1A3956D46DE8}") = "AsyncIO", "AsyncIO", "{8A0C0202-96BF-45EE-AB81-72323D601B42}"
EndProject
Project("{FAE04EC0-301F-11D3-BF4B-00C04F79EFBC}") = "Networking", "Networking\Networking.csproj", "{B33DAEF6-1CA4-496A-ACA9-2F00FA70CF23}"
EndProject
Project("{FAE04EC0-301F-11D3-BF4B-00C04F79EFBC}") = "Databases", "Databases\Databases.csproj", "{0E983DB5-C57B-4D66-AFB1-195660E23087}"
EndProject
Project("{2150E333-8FDC-42A3-9474-1A3956D46DE8}") = "MultiThreading", "MultiThreading", "{6CF8A6A0-8610-4942-B560-1FCEBF79D34B}"
EndProject
Project("{FAE04EC0-301F-11D3-BF4B-00C04F79EFBC}") = "Threads", "Threads\Threads.csproj", "{B169FE4A-D08C-4F6E-834B-18564EF526A2}"
EndProject
Project("{2150E333-8FDC-42A3-9474-1A3956D46DE8}") = "ThreadPools", "ThreadPools", "{D59E83B8-0492-427F-AC33-4F85FE79F990}"
EndProject
Project("{FAE04EC0-301F-11D3-BF4B-00C04F79EFBC}") = "EasyPools", "EasyPools\EasyPools.csproj", "{51B2C5EE-0D87-4F3B-AEF2-4DBC47E1B4B4}"
EndProject
Project("{FAE04EC0-301F-11D3-BF4B-00C04F79EFBC}") = "TaskDemo", "TaskDemo\TaskDemo.csproj", "{8A4EED95-70E8-4D8D-B918-AAEA44A2D7BE}"
EndProject
Project("{2150E333-8FDC-42A3-9474-1A3956D46DE8}") = "AsyncDemos", "AsyncDemos", "{2C00DCD4-0C18-42AE-927A-6B47E949090A}"
EndProject
Project("{FAE04EC0-301F-11D3-BF4B-00C04F79EFBC}") = "AsyncAwaitSyntax", "AsyncAwaitSyntax\AsyncAwaitSyntax.csproj", "{A9BB41C5-7689-40F8-AF28-0AF8AD697862}"
EndProject
Project("{FAE04EC0-301F-11D3-BF4B-00C04F79EFBC}") = "ConcurrentQueueDemo", "ConcurrentQueue\ConcurrentQueueDemo.csproj", "{883887A0-74EC-43EE-A320-9A2833CF516F}"
EndProject
Project("{FAE04EC0-301F-11D3-BF4B-00C04F79EFBC}") = "ConcurrentDictionaryDemo", "ConcurrentDictionary\ConcurrentDictionaryDemo.csproj", "{A2EEEED2-FEA2-42B4-8548-620498C533D9}"
EndProject
Project("{FAE04EC0-301F-11D3-BF4B-00C04F79EFBC}") = "ProducerConsumerExample", "ProducerConsumerExample\ProducerConsumerExample.csproj", "{527818EF-54AE-43C6-938A-127D8009B95F}"
EndProject
Project("{FAE04EC0-301F-11D3-BF4B-00C04F79EFBC}") = "AsyncTracer", "AsyncTracer\AsyncTracer.csproj", "{68CFDD1F-B962-49B9-B13C-0012E252281C}"
EndProject
Global
	GlobalSection(SolutionConfigurationPlatforms) = preSolution
		Debug|Any CPU = Debug|Any CPU
		Release|Any CPU = Release|Any CPU
	EndGlobalSection
	GlobalSection(ProjectConfigurationPlatforms) = postSolution
		{B58E4596-8507-4FD5-B616-E4F17BB91E17}.Debug|Any CPU.ActiveCfg = Debug|Any CPU
		{B58E4596-8507-4FD5-B616-E4F17BB91E17}.Debug|Any CPU.Build.0 = Debug|Any CPU
		{B58E4596-8507-4FD5-B616-E4F17BB91E17}.Release|Any CPU.ActiveCfg = Release|Any CPU
		{B58E4596-8507-4FD5-B616-E4F17BB91E17}.Release|Any CPU.Build.0 = Release|Any CPU
		{B33DAEF6-1CA4-496A-ACA9-2F00FA70CF23}.Debug|Any CPU.ActiveCfg = Debug|Any CPU
		{B33DAEF6-1CA4-496A-ACA9-2F00FA70CF23}.Debug|Any CPU.Build.0 = Debug|Any CPU
		{B33DAEF6-1CA4-496A-ACA9-2F00FA70CF23}.Release|Any CPU.ActiveCfg = Release|Any CPU
		{B33DAEF6-1CA4-496A-ACA9-2F00FA70CF23}.Release|Any CPU.Build.0 = Release|Any CPU
		{0E983DB5-C57B-4D66-AFB1-195660E23087}.Debug|Any CPU.ActiveCfg = Debug|Any CPU
		{0E983DB5-C57B-4D66-AFB1-195660E23087}.Debug|Any CPU.Build.0 = Debug|Any CPU
		{0E983DB5-C57B-4D66-AFB1-195660E23087}.Release|Any CPU.ActiveCfg = Release|Any CPU
		{0E983DB5-C57B-4D66-AFB1-195660E23087}.Release|Any CPU.Build.0 = Release|Any CPU
		{B169FE4A-D08C-4F6E-834B-18564EF526A2}.Debug|Any CPU.ActiveCfg = Debug|Any CPU
		{B169FE4A-D08C-4F6E-834B-18564EF526A2}.Debug|Any CPU.Build.0 = Debug|Any CPU
		{B169FE4A-D08C-4F6E-834B-18564EF526A2}.Release|Any CPU.ActiveCfg = Release|Any CPU
		{B169FE4A-D08C-4F6E-834B-18564EF526A2}.Release|Any CPU.Build.0 = Release|Any CPU
		{51B2C5EE-0D87-4F3B-AEF2-4DBC47E1B4B4}.Debug|Any CPU.ActiveCfg = Debug|Any CPU
		{51B2C5EE-0D87-4F3B-AEF2-4DBC47E1B4B4}.Debug|Any CPU.Build.0 = Debug|Any CPU
		{51B2C5EE-0D87-4F3B-AEF2-4DBC47E1B4B4}.Release|Any CPU.ActiveCfg = Release|Any CPU
		{51B2C5EE-0D87-4F3B-AEF2-4DBC47E1B4B4}.Release|Any CPU.Build.0 = Release|Any CPU
		{8A4EED95-70E8-4D8D-B918-AAEA44A2D7BE}.Debug|Any CPU.ActiveCfg = Debug|Any CPU
		{8A4EED95-70E8-4D8D-B918-AAEA44A2D7BE}.Debug|Any CPU.Build.0 = Debug|Any CPU
		{8A4EED95-70E8-4D8D-B918-AAEA44A2D7BE}.Release|Any CPU.ActiveCfg = Release|Any CPU
		{8A4EED95-70E8-4D8D-B918-AAEA44A2D7BE}.Release|Any CPU.Build.0 = Release|Any CPU
		{A9BB41C5-7689-40F8-AF28-0AF8AD697862}.Debug|Any CPU.ActiveCfg = Debug|Any CPU
		{A9BB41C5-7689-40F8-AF28-0AF8AD697862}.Debug|Any CPU.Build.0 = Debug|Any CPU
		{A9BB41C5-7689-40F8-AF28-0AF8AD697862}.Release|Any CPU.ActiveCfg = Release|Any CPU
		{A9BB41C5-7689-40F8-AF28-0AF8AD697862}.Release|Any CPU.Build.0 = Release|Any CPU
		{883887A0-74EC-43EE-A320-9A2833CF516F}.Debug|Any CPU.ActiveCfg = Debug|Any CPU
		{883887A0-74EC-43EE-A320-9A2833CF516F}.Debug|Any CPU.Build.0 = Debug|Any CPU
		{883887A0-74EC-43EE-A320-9A2833CF516F}.Release|Any CPU.ActiveCfg = Release|Any CPU
		{883887A0-74EC-43EE-A320-9A2833CF516F}.Release|Any CPU.Build.0 = Release|Any CPU
		{A2EEEED2-FEA2-42B4-8548-620498C533D9}.Debug|Any CPU.ActiveCfg = Debug|Any CPU
		{A2EEEED2-FEA2-42B4-8548-620498C533D9}.Debug|Any CPU.Build.0 = Debug|Any CPU
		{A2EEEED2-FEA2-42B4-8548-620498C533D9}.Release|Any CPU.ActiveCfg = Release|Any CPU
		{A2EEEED2-FEA2-42B4-8548-620498C533D9}.Release|Any CPU.Build.0 = Release|Any CPU
		{527818EF-54AE-43C6-938A-127D8009B95F}.Debug|Any CPU.ActiveCfg = Debug|Any CPU
		{527818EF-54AE-43C6-938A-127D8009B95F}.Debug|Any CPU.Build.0 = Debug|Any CPU
		{527818EF-54AE-43C6-938A-127D8009B95F}.Release|Any CPU.ActiveCfg = Release|Any CPU
		{527818EF-54AE-43C6-938A-127D8009B95F}.Release|Any CPU.Build.0 = Release|Any CPU
		{68CFDD1F-B962-49B9-B13C-0012E252281C}.Debug|Any CPU.ActiveCfg = Debug|Any CPU
		{68CFDD1F-B962-49B9-B13C-0012E252281C}.Debug|Any CPU.Build.0 = Debug|Any CPU
		{68CFDD1F-B962-49B9-B13C-0012E252281C}.Release|Any CPU.ActiveCfg = Release|Any CPU
		{68CFDD1F-B962-49B9-B13C-0012E252281C}.Release|Any CPU.Build.0 = Release|Any CPU
	EndGlobalSection
	GlobalSection(SolutionProperties) = preSolution
		HideSolutionNode = FALSE
	EndGlobalSection
	GlobalSection(NestedProjects) = preSolution
		{B58E4596-8507-4FD5-B616-E4F17BB91E17} = {ED5EA571-57D5-48BF-8CD8-80D87F8D0DFE}
		{B33DAEF6-1CA4-496A-ACA9-2F00FA70CF23} = {8A0C0202-96BF-45EE-AB81-72323D601B42}
		{0E983DB5-C57B-4D66-AFB1-195660E23087} = {8A0C0202-96BF-45EE-AB81-72323D601B42}
		{B169FE4A-D08C-4F6E-834B-18564EF526A2} = {6CF8A6A0-8610-4942-B560-1FCEBF79D34B}
		{51B2C5EE-0D87-4F3B-AEF2-4DBC47E1B4B4} = {D59E83B8-0492-427F-AC33-4F85FE79F990}
		{8A4EED95-70E8-4D8D-B918-AAEA44A2D7BE} = {8A0C0202-96BF-45EE-AB81-72323D601B42}
		{A9BB41C5-7689-40F8-AF28-0AF8AD697862} = {2C00DCD4-0C18-42AE-927A-6B47E949090A}
		{883887A0-74EC-43EE-A320-9A2833CF516F} = {2C00DCD4-0C18-42AE-927A-6B47E949090A}
		{A2EEEED2-FEA2-42B4-8548-620498C533D9} = {2C00DCD4-0C18-42AE-927A-6B47E949090A}
		{527818EF-54AE-43C6-938A-127D8009B95F} = {2C00DCD4-0C18-42AE-927A-6B47E949090A}
		{68CFDD1F-B962-49B9-B13C-0012E252281C} = {2C00DCD4-0C18-42AE-927A-6B47E949090A}
	EndGlobalSection
	GlobalSection(ExtensibilityGlobals) = postSolution
		SolutionGuid = {B18237BB-CDEE-43B2-A768-24A48BF69C8C}
	EndGlobalSection
EndGlobal
